// !$*UTF8*$!
{
	archiveVersion = 1;
	classes = {
	};
	objectVersion = 77;
	objects = {

/* Begin PBXBuildFile section */
		2C7E7DDD2E197F7000D8930B /* InjectPropertyWrapper in Frameworks */ = {isa = PBXBuildFile; productRef = 2C7E7DDC2E197F7000D8930B /* InjectPropertyWrapper */; };
		2C7E7F782E1991E700D8930B /* Swinject in Frameworks */ = {isa = PBXBuildFile; productRef = 2C7E7F772E1991E700D8930B /* Swinject */; };
		2C7E7F852E19987300D8930B /* Moya in Frameworks */ = {isa = PBXBuildFile; productRef = 2C7E7F842E19987300D8930B /* Moya */; };
/* End PBXBuildFile section */

/* Begin PBXContainerItemProxy section */
		2C7E7DBD2E19798000D8930B /* PBXContainerItemProxy */ = {
			isa = PBXContainerItemProxy;
			containerPortal = 2C7E7DA42E19797D00D8930B /* Project object */;
			proxyType = 1;
			remoteGlobalIDString = 2C7E7DAB2E19797D00D8930B;
			remoteInfo = "movie-app-live";
		};
		2C7E7DC72E19798000D8930B /* PBXContainerItemProxy */ = {
			isa = PBXContainerItemProxy;
			containerPortal = 2C7E7DA42E19797D00D8930B /* Project object */;
			proxyType = 1;
			remoteGlobalIDString = 2C7E7DAB2E19797D00D8930B;
			remoteInfo = "movie-app-live";
		};
/* End PBXContainerItemProxy section */

/* Begin PBXFileReference section */
		2C7E7DAC2E19797D00D8930B /* movie-app-live.app */ = {isa = PBXFileReference; explicitFileType = wrapper.application; includeInIndex = 0; path = "movie-app-live.app"; sourceTree = BUILT_PRODUCTS_DIR; };
		2C7E7DBC2E19798000D8930B /* movie-app-liveTests.xctest */ = {isa = PBXFileReference; explicitFileType = wrapper.cfbundle; includeInIndex = 0; path = "movie-app-liveTests.xctest"; sourceTree = BUILT_PRODUCTS_DIR; };
		2C7E7DC62E19798000D8930B /* movie-app-liveUITests.xctest */ = {isa = PBXFileReference; explicitFileType = wrapper.cfbundle; includeInIndex = 0; path = "movie-app-liveUITests.xctest"; sourceTree = BUILT_PRODUCTS_DIR; };
/* End PBXFileReference section */

/* Begin PBXFileSystemSynchronizedRootGroup section */
		2C7E7DAE2E19797D00D8930B /* movie-app-live */ = {
			isa = PBXFileSystemSynchronizedRootGroup;
			path = "movie-app-live";
			sourceTree = "<group>";
		};
		2C7E7DBF2E19798000D8930B /* movie-app-liveTests */ = {
			isa = PBXFileSystemSynchronizedRootGroup;
			path = "movie-app-liveTests";
			sourceTree = "<group>";
		};
		2C7E7DC92E19798000D8930B /* movie-app-liveUITests */ = {
			isa = PBXFileSystemSynchronizedRootGroup;
			path = "movie-app-liveUITests";
			sourceTree = "<group>";
		};
		2C7E819B2E1D6FED00D8930B /* Resources */ = {
			isa = PBXFileSystemSynchronizedRootGroup;
			path = Resources;
			sourceTree = "<group>";
		};
/* End PBXFileSystemSynchronizedRootGroup section */

/* Begin PBXFrameworksBuildPhase section */
		2C7E7DA92E19797D00D8930B /* Frameworks */ = {
			isa = PBXFrameworksBuildPhase;
			buildActionMask = 2147483647;
			files = (
				2C7E7DDD2E197F7000D8930B /* InjectPropertyWrapper in Frameworks */,
				2C7E7F782E1991E700D8930B /* Swinject in Frameworks */,
				2C7E7F852E19987300D8930B /* Moya in Frameworks */,
			);
			runOnlyForDeploymentPostprocessing = 0;
		};
		2C7E7DB92E19798000D8930B /* Frameworks */ = {
			isa = PBXFrameworksBuildPhase;
			buildActionMask = 2147483647;
			files = (
			);
			runOnlyForDeploymentPostprocessing = 0;
		};
		2C7E7DC32E19798000D8930B /* Frameworks */ = {
			isa = PBXFrameworksBuildPhase;
			buildActionMask = 2147483647;
			files = (
			);
			runOnlyForDeploymentPostprocessing = 0;
		};
/* End PBXFrameworksBuildPhase section */

/* Begin PBXGroup section */
		2C7E7DA32E19797D00D8930B = {
			isa = PBXGroup;
			children = (
				2C7E819B2E1D6FED00D8930B /* Resources */,
				2C7E819A2E1D6FEA00D8930B /* New Group */,
				2C7E7DBF2E19798000D8930B /* movie-app-liveTests */,
				2C7E7DC92E19798000D8930B /* movie-app-liveUITests */,
				2C7E7DAD2E19797D00D8930B /* Products */,
				2C7E7DAE2E19797D00D8930B /* movie-app-live */,
			);
			sourceTree = "<group>";
		};
		2C7E7DAD2E19797D00D8930B /* Products */ = {
			isa = PBXGroup;
			children = (
				2C7E7DAC2E19797D00D8930B /* movie-app-live.app */,
				2C7E7DBC2E19798000D8930B /* movie-app-liveTests.xctest */,
				2C7E7DC62E19798000D8930B /* movie-app-liveUITests.xctest */,
			);
			name = Products;
			sourceTree = "<group>";
		};
		2C7E819A2E1D6FEA00D8930B /* New Group */ = {
			isa = PBXGroup;
			children = (
			);
			path = "New Group";
			sourceTree = "<group>";
		};
/* End PBXGroup section */

/* Begin PBXNativeTarget section */
		2C7E7DAB2E19797D00D8930B /* movie-app-live */ = {
			isa = PBXNativeTarget;
			buildConfigurationList = 2C7E7DD02E19798000D8930B /* Build configuration list for PBXNativeTarget "movie-app-live" */;
			buildPhases = (
				2C7E7DA82E19797D00D8930B /* Sources */,
				2C7E7DA92E19797D00D8930B /* Frameworks */,
				2C7E7DAA2E19797D00D8930B /* Resources */,
			);
			buildRules = (
			);
			dependencies = (
			);
			fileSystemSynchronizedGroups = (
				2C7E7DAE2E19797D00D8930B /* movie-app-live */,
				2C7E819B2E1D6FED00D8930B /* Resources */,
			);
			name = "movie-app-live";
			packageProductDependencies = (
				2C7E7DDC2E197F7000D8930B /* InjectPropertyWrapper */,
				2C7E7F772E1991E700D8930B /* Swinject */,
				2C7E7F842E19987300D8930B /* Moya */,
			);
			productName = "movie-app-live";
			productReference = 2C7E7DAC2E19797D00D8930B /* movie-app-live.app */;
			productType = "com.apple.product-type.application";
		};
		2C7E7DBB2E19798000D8930B /* movie-app-liveTests */ = {
			isa = PBXNativeTarget;
			buildConfigurationList = 2C7E7DD32E19798000D8930B /* Build configuration list for PBXNativeTarget "movie-app-liveTests" */;
			buildPhases = (
				2C7E7DB82E19798000D8930B /* Sources */,
				2C7E7DB92E19798000D8930B /* Frameworks */,
				2C7E7DBA2E19798000D8930B /* Resources */,
			);
			buildRules = (
			);
			dependencies = (
				2C7E7DBE2E19798000D8930B /* PBXTargetDependency */,
			);
			fileSystemSynchronizedGroups = (
				2C7E7DBF2E19798000D8930B /* movie-app-liveTests */,
			);
			name = "movie-app-liveTests";
			packageProductDependencies = (
			);
			productName = "movie-app-liveTests";
			productReference = 2C7E7DBC2E19798000D8930B /* movie-app-liveTests.xctest */;
			productType = "com.apple.product-type.bundle.unit-test";
		};
		2C7E7DC52E19798000D8930B /* movie-app-liveUITests */ = {
			isa = PBXNativeTarget;
			buildConfigurationList = 2C7E7DD62E19798000D8930B /* Build configuration list for PBXNativeTarget "movie-app-liveUITests" */;
			buildPhases = (
				2C7E7DC22E19798000D8930B /* Sources */,
				2C7E7DC32E19798000D8930B /* Frameworks */,
				2C7E7DC42E19798000D8930B /* Resources */,
			);
			buildRules = (
			);
			dependencies = (
				2C7E7DC82E19798000D8930B /* PBXTargetDependency */,
			);
			fileSystemSynchronizedGroups = (
				2C7E7DC92E19798000D8930B /* movie-app-liveUITests */,
			);
			name = "movie-app-liveUITests";
			packageProductDependencies = (
			);
			productName = "movie-app-liveUITests";
			productReference = 2C7E7DC62E19798000D8930B /* movie-app-liveUITests.xctest */;
			productType = "com.apple.product-type.bundle.ui-testing";
		};
/* End PBXNativeTarget section */

/* Begin PBXProject section */
		2C7E7DA42E19797D00D8930B /* Project object */ = {
			isa = PBXProject;
			attributes = {
				BuildIndependentTargetsInParallel = 1;
				LastSwiftUpdateCheck = 1620;
				LastUpgradeCheck = 1620;
				TargetAttributes = {
					2C7E7DAB2E19797D00D8930B = {
						CreatedOnToolsVersion = 16.2;
					};
					2C7E7DBB2E19798000D8930B = {
						CreatedOnToolsVersion = 16.2;
						TestTargetID = 2C7E7DAB2E19797D00D8930B;
					};
					2C7E7DC52E19798000D8930B = {
						CreatedOnToolsVersion = 16.2;
						TestTargetID = 2C7E7DAB2E19797D00D8930B;
					};
				};
			};
			buildConfigurationList = 2C7E7DA72E19797D00D8930B /* Build configuration list for PBXProject "movie-app-live" */;
			developmentRegion = en;
			hasScannedForEncodings = 0;
			knownRegions = (
				en,
				Base,
				hu,
				ro,
			);
			mainGroup = 2C7E7DA32E19797D00D8930B;
			minimizedProjectReferenceProxies = 1;
			packageReferences = (
				2C7E7DDB2E197F7000D8930B /* XCRemoteSwiftPackageReference "InjectPropertyWrapper" */,
				2C7E7F762E1991E700D8930B /* XCRemoteSwiftPackageReference "Swinject" */,
				2C7E7F832E19987300D8930B /* XCRemoteSwiftPackageReference "Moya" */,
			);
			preferredProjectObjectVersion = 77;
			productRefGroup = 2C7E7DAD2E19797D00D8930B /* Products */;
			projectDirPath = "";
			projectRoot = "";
			targets = (
				2C7E7DAB2E19797D00D8930B /* movie-app-live */,
				2C7E7DBB2E19798000D8930B /* movie-app-liveTests */,
				2C7E7DC52E19798000D8930B /* movie-app-liveUITests */,
			);
		};
/* End PBXProject section */

/* Begin PBXResourcesBuildPhase section */
		2C7E7DAA2E19797D00D8930B /* Resources */ = {
			isa = PBXResourcesBuildPhase;
			buildActionMask = 2147483647;
			files = (
			);
			runOnlyForDeploymentPostprocessing = 0;
		};
		2C7E7DBA2E19798000D8930B /* Resources */ = {
			isa = PBXResourcesBuildPhase;
			buildActionMask = 2147483647;
			files = (
			);
			runOnlyForDeploymentPostprocessing = 0;
		};
		2C7E7DC42E19798000D8930B /* Resources */ = {
			isa = PBXResourcesBuildPhase;
			buildActionMask = 2147483647;
			files = (
			);
			runOnlyForDeploymentPostprocessing = 0;
		};
/* End PBXResourcesBuildPhase section */

/* Begin PBXSourcesBuildPhase section */
		2C7E7DA82E19797D00D8930B /* Sources */ = {
			isa = PBXSourcesBuildPhase;
			buildActionMask = 2147483647;
			files = (
			);
			runOnlyForDeploymentPostprocessing = 0;
		};
		2C7E7DB82E19798000D8930B /* Sources */ = {
			isa = PBXSourcesBuildPhase;
			buildActionMask = 2147483647;
			files = (
			);
			runOnlyForDeploymentPostprocessing = 0;
		};
		2C7E7DC22E19798000D8930B /* Sources */ = {
			isa = PBXSourcesBuildPhase;
			buildActionMask = 2147483647;
			files = (
			);
			runOnlyForDeploymentPostprocessing = 0;
		};
/* End PBXSourcesBuildPhase section */

/* Begin PBXTargetDependency section */
		2C7E7DBE2E19798000D8930B /* PBXTargetDependency */ = {
			isa = PBXTargetDependency;
			target = 2C7E7DAB2E19797D00D8930B /* movie-app-live */;
			targetProxy = 2C7E7DBD2E19798000D8930B /* PBXContainerItemProxy */;
		};
		2C7E7DC82E19798000D8930B /* PBXTargetDependency */ = {
			isa = PBXTargetDependency;
			target = 2C7E7DAB2E19797D00D8930B /* movie-app-live */;
			targetProxy = 2C7E7DC72E19798000D8930B /* PBXContainerItemProxy */;
		};
/* End PBXTargetDependency section */

/* Begin XCBuildConfiguration section */
		2C7E7DCE2E19798000D8930B /* Debug */ = {
			isa = XCBuildConfiguration;
			buildSettings = {
				ALWAYS_SEARCH_USER_PATHS = NO;
				ASSETCATALOG_COMPILER_GENERATE_SWIFT_ASSET_SYMBOL_EXTENSIONS = YES;
				CLANG_ANALYZER_NONNULL = YES;
				CLANG_ANALYZER_NUMBER_OBJECT_CONVERSION = YES_AGGRESSIVE;
				CLANG_CXX_LANGUAGE_STANDARD = "gnu++20";
				CLANG_ENABLE_MODULES = YES;
				CLANG_ENABLE_OBJC_ARC = YES;
				CLANG_ENABLE_OBJC_WEAK = YES;
				CLANG_WARN_BLOCK_CAPTURE_AUTORELEASING = YES;
				CLANG_WARN_BOOL_CONVERSION = YES;
				CLANG_WARN_COMMA = YES;
				CLANG_WARN_CONSTANT_CONVERSION = YES;
				CLANG_WARN_DEPRECATED_OBJC_IMPLEMENTATIONS = YES;
				CLANG_WARN_DIRECT_OBJC_ISA_USAGE = YES_ERROR;
				CLANG_WARN_DOCUMENTATION_COMMENTS = YES;
				CLANG_WARN_EMPTY_BODY = YES;
				CLANG_WARN_ENUM_CONVERSION = YES;
				CLANG_WARN_INFINITE_RECURSION = YES;
				CLANG_WARN_INT_CONVERSION = YES;
				CLANG_WARN_NON_LITERAL_NULL_CONVERSION = YES;
				CLANG_WARN_OBJC_IMPLICIT_RETAIN_SELF = YES;
				CLANG_WARN_OBJC_LITERAL_CONVERSION = YES;
				CLANG_WARN_OBJC_ROOT_CLASS = YES_ERROR;
				CLANG_WARN_QUOTED_INCLUDE_IN_FRAMEWORK_HEADER = YES;
				CLANG_WARN_RANGE_LOOP_ANALYSIS = YES;
				CLANG_WARN_STRICT_PROTOTYPES = YES;
				CLANG_WARN_SUSPICIOUS_MOVE = YES;
				CLANG_WARN_UNGUARDED_AVAILABILITY = YES_AGGRESSIVE;
				CLANG_WARN_UNREACHABLE_CODE = YES;
				CLANG_WARN__DUPLICATE_METHOD_MATCH = YES;
				COPY_PHASE_STRIP = NO;
				DEBUG_INFORMATION_FORMAT = dwarf;
				ENABLE_STRICT_OBJC_MSGSEND = YES;
				ENABLE_TESTABILITY = YES;
				ENABLE_USER_SCRIPT_SANDBOXING = YES;
				GCC_C_LANGUAGE_STANDARD = gnu17;
				GCC_DYNAMIC_NO_PIC = NO;
				GCC_NO_COMMON_BLOCKS = YES;
				GCC_OPTIMIZATION_LEVEL = 0;
				GCC_PREPROCESSOR_DEFINITIONS = (
					"DEBUG=1",
					"$(inherited)",
				);
				GCC_WARN_64_TO_32_BIT_CONVERSION = YES;
				GCC_WARN_ABOUT_RETURN_TYPE = YES_ERROR;
				GCC_WARN_UNDECLARED_SELECTOR = YES;
				GCC_WARN_UNINITIALIZED_AUTOS = YES_AGGRESSIVE;
				GCC_WARN_UNUSED_FUNCTION = YES;
				GCC_WARN_UNUSED_VARIABLE = YES;
				IPHONEOS_DEPLOYMENT_TARGET = 18.2;
				LOCALIZATION_PREFERS_STRING_CATALOGS = YES;
				MTL_ENABLE_DEBUG_INFO = INCLUDE_SOURCE;
				MTL_FAST_MATH = YES;
				ONLY_ACTIVE_ARCH = YES;
				SDKROOT = iphoneos;
				SWIFT_ACTIVE_COMPILATION_CONDITIONS = "DEBUG $(inherited)";
				SWIFT_OPTIMIZATION_LEVEL = "-Onone";
			};
			name = Debug;
		};
		2C7E7DCF2E19798000D8930B /* Release */ = {
			isa = XCBuildConfiguration;
			buildSettings = {
				ALWAYS_SEARCH_USER_PATHS = NO;
				ASSETCATALOG_COMPILER_GENERATE_SWIFT_ASSET_SYMBOL_EXTENSIONS = YES;
				CLANG_ANALYZER_NONNULL = YES;
				CLANG_ANALYZER_NUMBER_OBJECT_CONVERSION = YES_AGGRESSIVE;
				CLANG_CXX_LANGUAGE_STANDARD = "gnu++20";
				CLANG_ENABLE_MODULES = YES;
				CLANG_ENABLE_OBJC_ARC = YES;
				CLANG_ENABLE_OBJC_WEAK = YES;
				CLANG_WARN_BLOCK_CAPTURE_AUTORELEASING = YES;
				CLANG_WARN_BOOL_CONVERSION = YES;
				CLANG_WARN_COMMA = YES;
				CLANG_WARN_CONSTANT_CONVERSION = YES;
				CLANG_WARN_DEPRECATED_OBJC_IMPLEMENTATIONS = YES;
				CLANG_WARN_DIRECT_OBJC_ISA_USAGE = YES_ERROR;
				CLANG_WARN_DOCUMENTATION_COMMENTS = YES;
				CLANG_WARN_EMPTY_BODY = YES;
				CLANG_WARN_ENUM_CONVERSION = YES;
				CLANG_WARN_INFINITE_RECURSION = YES;
				CLANG_WARN_INT_CONVERSION = YES;
				CLANG_WARN_NON_LITERAL_NULL_CONVERSION = YES;
				CLANG_WARN_OBJC_IMPLICIT_RETAIN_SELF = YES;
				CLANG_WARN_OBJC_LITERAL_CONVERSION = YES;
				CLANG_WARN_OBJC_ROOT_CLASS = YES_ERROR;
				CLANG_WARN_QUOTED_INCLUDE_IN_FRAMEWORK_HEADER = YES;
				CLANG_WARN_RANGE_LOOP_ANALYSIS = YES;
				CLANG_WARN_STRICT_PROTOTYPES = YES;
				CLANG_WARN_SUSPICIOUS_MOVE = YES;
				CLANG_WARN_UNGUARDED_AVAILABILITY = YES_AGGRESSIVE;
				CLANG_WARN_UNREACHABLE_CODE = YES;
				CLANG_WARN__DUPLICATE_METHOD_MATCH = YES;
				COPY_PHASE_STRIP = NO;
				DEBUG_INFORMATION_FORMAT = "dwarf-with-dsym";
				ENABLE_NS_ASSERTIONS = NO;
				ENABLE_STRICT_OBJC_MSGSEND = YES;
				ENABLE_USER_SCRIPT_SANDBOXING = YES;
				GCC_C_LANGUAGE_STANDARD = gnu17;
				GCC_NO_COMMON_BLOCKS = YES;
				GCC_WARN_64_TO_32_BIT_CONVERSION = YES;
				GCC_WARN_ABOUT_RETURN_TYPE = YES_ERROR;
				GCC_WARN_UNDECLARED_SELECTOR = YES;
				GCC_WARN_UNINITIALIZED_AUTOS = YES_AGGRESSIVE;
				GCC_WARN_UNUSED_FUNCTION = YES;
				GCC_WARN_UNUSED_VARIABLE = YES;
				IPHONEOS_DEPLOYMENT_TARGET = 18.2;
				LOCALIZATION_PREFERS_STRING_CATALOGS = YES;
				MTL_ENABLE_DEBUG_INFO = NO;
				MTL_FAST_MATH = YES;
				SDKROOT = iphoneos;
				SWIFT_COMPILATION_MODE = wholemodule;
				VALIDATE_PRODUCT = YES;
			};
			name = Release;
		};
		2C7E7DD12E19798000D8930B /* Debug */ = {
			isa = XCBuildConfiguration;
			buildSettings = {
				ASSETCATALOG_COMPILER_APPICON_NAME = AppIcon;
				ASSETCATALOG_COMPILER_GLOBAL_ACCENT_COLOR_NAME = AccentColor;
				CODE_SIGN_STYLE = Automatic;
				CURRENT_PROJECT_VERSION = 1;
				DEVELOPMENT_ASSET_PATHS = "\"movie-app-live/Preview Content\"";
				DEVELOPMENT_TEAM = V5579LWDN8;
				ENABLE_PREVIEWS = YES;
				GENERATE_INFOPLIST_FILE = YES;
				INFOPLIST_KEY_UIApplicationSceneManifest_Generation = YES;
				INFOPLIST_KEY_UIApplicationSupportsIndirectInputEvents = YES;
				INFOPLIST_KEY_UILaunchScreen_Generation = YES;
				INFOPLIST_KEY_UISupportedInterfaceOrientations_iPad = "UIInterfaceOrientationPortrait UIInterfaceOrientationPortraitUpsideDown UIInterfaceOrientationLandscapeLeft UIInterfaceOrientationLandscapeRight";
				INFOPLIST_KEY_UISupportedInterfaceOrientations_iPhone = "UIInterfaceOrientationPortrait UIInterfaceOrientationLandscapeLeft UIInterfaceOrientationLandscapeRight";
				LD_RUNPATH_SEARCH_PATHS = (
					"$(inherited)",
					"@executable_path/Frameworks",
				);
				MARKETING_VERSION = 1.0;
				PRODUCT_BUNDLE_IDENTIFIER = "eu.test.movie-app-live";
				PRODUCT_NAME = "$(TARGET_NAME)";
				SWIFT_EMIT_LOC_STRINGS = YES;
				SWIFT_VERSION = 5.0;
				TARGETED_DEVICE_FAMILY = "1,2";
			};
			name = Debug;
		};
		2C7E7DD22E19798000D8930B /* Release */ = {
			isa = XCBuildConfiguration;
			buildSettings = {
				ASSETCATALOG_COMPILER_APPICON_NAME = AppIcon;
				ASSETCATALOG_COMPILER_GLOBAL_ACCENT_COLOR_NAME = AccentColor;
				CODE_SIGN_STYLE = Automatic;
				CURRENT_PROJECT_VERSION = 1;
				DEVELOPMENT_ASSET_PATHS = "\"movie-app-live/Preview Content\"";
				DEVELOPMENT_TEAM = V5579LWDN8;
				ENABLE_PREVIEWS = YES;
				GENERATE_INFOPLIST_FILE = YES;
				INFOPLIST_KEY_UIApplicationSceneManifest_Generation = YES;
				INFOPLIST_KEY_UIApplicationSupportsIndirectInputEvents = YES;
				INFOPLIST_KEY_UILaunchScreen_Generation = YES;
				INFOPLIST_KEY_UISupportedInterfaceOrientations_iPad = "UIInterfaceOrientationPortrait UIInterfaceOrientationPortraitUpsideDown UIInterfaceOrientationLandscapeLeft UIInterfaceOrientationLandscapeRight";
				INFOPLIST_KEY_UISupportedInterfaceOrientations_iPhone = "UIInterfaceOrientationPortrait UIInterfaceOrientationLandscapeLeft UIInterfaceOrientationLandscapeRight";
				LD_RUNPATH_SEARCH_PATHS = (
					"$(inherited)",
					"@executable_path/Frameworks",
				);
				MARKETING_VERSION = 1.0;
				PRODUCT_BUNDLE_IDENTIFIER = "eu.test.movie-app-live";
				PRODUCT_NAME = "$(TARGET_NAME)";
				SWIFT_EMIT_LOC_STRINGS = YES;
				SWIFT_VERSION = 5.0;
				TARGETED_DEVICE_FAMILY = "1,2";
			};
			name = Release;
		};
		2C7E7DD42E19798000D8930B /* Debug */ = {
			isa = XCBuildConfiguration;
			buildSettings = {
				BUNDLE_LOADER = "$(TEST_HOST)";
				CODE_SIGN_STYLE = Automatic;
				CURRENT_PROJECT_VERSION = 1;
				DEVELOPMENT_TEAM = V5579LWDN8;
				GENERATE_INFOPLIST_FILE = YES;
				IPHONEOS_DEPLOYMENT_TARGET = 18.2;
				MARKETING_VERSION = 1.0;
				PRODUCT_BUNDLE_IDENTIFIER = "eu.test.movie-app-liveTests";
				PRODUCT_NAME = "$(TARGET_NAME)";
				SWIFT_EMIT_LOC_STRINGS = NO;
				SWIFT_VERSION = 5.0;
				TARGETED_DEVICE_FAMILY = "1,2";
				TEST_HOST = "$(BUILT_PRODUCTS_DIR)/movie-app-live.app/$(BUNDLE_EXECUTABLE_FOLDER_PATH)/movie-app-live";
			};
			name = Debug;
		};
		2C7E7DD52E19798000D8930B /* Release */ = {
			isa = XCBuildConfiguration;
			buildSettings = {
				BUNDLE_LOADER = "$(TEST_HOST)";
				CODE_SIGN_STYLE = Automatic;
				CURRENT_PROJECT_VERSION = 1;
				DEVELOPMENT_TEAM = V5579LWDN8;
				GENERATE_INFOPLIST_FILE = YES;
				IPHONEOS_DEPLOYMENT_TARGET = 18.2;
				MARKETING_VERSION = 1.0;
				PRODUCT_BUNDLE_IDENTIFIER = "eu.test.movie-app-liveTests";
				PRODUCT_NAME = "$(TARGET_NAME)";
				SWIFT_EMIT_LOC_STRINGS = NO;
				SWIFT_VERSION = 5.0;
				TARGETED_DEVICE_FAMILY = "1,2";
				TEST_HOST = "$(BUILT_PRODUCTS_DIR)/movie-app-live.app/$(BUNDLE_EXECUTABLE_FOLDER_PATH)/movie-app-live";
			};
			name = Release;
		};
		2C7E7DD72E19798000D8930B /* Debug */ = {
			isa = XCBuildConfiguration;
			buildSettings = {
				CODE_SIGN_STYLE = Automatic;
				CURRENT_PROJECT_VERSION = 1;
				DEVELOPMENT_TEAM = V5579LWDN8;
				GENERATE_INFOPLIST_FILE = YES;
				MARKETING_VERSION = 1.0;
				PRODUCT_BUNDLE_IDENTIFIER = "eu.test.movie-app-liveUITests";
				PRODUCT_NAME = "$(TARGET_NAME)";
				SWIFT_EMIT_LOC_STRINGS = NO;
				SWIFT_VERSION = 5.0;
				TARGETED_DEVICE_FAMILY = "1,2";
				TEST_TARGET_NAME = "movie-app-live";
			};
			name = Debug;
		};
		2C7E7DD82E19798000D8930B /* Release */ = {
			isa = XCBuildConfiguration;
			buildSettings = {
				CODE_SIGN_STYLE = Automatic;
				CURRENT_PROJECT_VERSION = 1;
				DEVELOPMENT_TEAM = V5579LWDN8;
				GENERATE_INFOPLIST_FILE = YES;
				MARKETING_VERSION = 1.0;
				PRODUCT_BUNDLE_IDENTIFIER = "eu.test.movie-app-liveUITests";
				PRODUCT_NAME = "$(TARGET_NAME)";
				SWIFT_EMIT_LOC_STRINGS = NO;
				SWIFT_VERSION = 5.0;
				TARGETED_DEVICE_FAMILY = "1,2";
				TEST_TARGET_NAME = "movie-app-live";
			};
			name = Release;
		};
/* End XCBuildConfiguration section */

/* Begin XCConfigurationList section */
		2C7E7DA72E19797D00D8930B /* Build configuration list for PBXProject "movie-app-live" */ = {
			isa = XCConfigurationList;
			buildConfigurations = (
				2C7E7DCE2E19798000D8930B /* Debug */,
				2C7E7DCF2E19798000D8930B /* Release */,
			);
			defaultConfigurationIsVisible = 0;
			defaultConfigurationName = Release;
		};
		2C7E7DD02E19798000D8930B /* Build configuration list for PBXNativeTarget "movie-app-live" */ = {
			isa = XCConfigurationList;
			buildConfigurations = (
				2C7E7DD12E19798000D8930B /* Debug */,
				2C7E7DD22E19798000D8930B /* Release */,
			);
			defaultConfigurationIsVisible = 0;
			defaultConfigurationName = Release;
		};
		2C7E7DD32E19798000D8930B /* Build configuration list for PBXNativeTarget "movie-app-liveTests" */ = {
			isa = XCConfigurationList;
			buildConfigurations = (
				2C7E7DD42E19798000D8930B /* Debug */,
				2C7E7DD52E19798000D8930B /* Release */,
			);
			defaultConfigurationIsVisible = 0;
			defaultConfigurationName = Release;
		};
		2C7E7DD62E19798000D8930B /* Build configuration list for PBXNativeTarget "movie-app-liveUITests" */ = {
			isa = XCConfigurationList;
			buildConfigurations = (
				2C7E7DD72E19798000D8930B /* Debug */,
				2C7E7DD82E19798000D8930B /* Release */,
			);
			defaultConfigurationIsVisible = 0;
			defaultConfigurationName = Release;
		};
/* End XCConfigurationList section */

/* Begin XCRemoteSwiftPackageReference section */
		2C7E7DDB2E197F7000D8930B /* XCRemoteSwiftPackageReference "InjectPropertyWrapper" */ = {
			isa = XCRemoteSwiftPackageReference;
			repositoryURL = "https://github.com/egeniq/InjectPropertyWrapper";
			requirement = {
				kind = upToNextMajorVersion;
				minimumVersion = 0.3.0;
			};
		};
		2C7E7F762E1991E700D8930B /* XCRemoteSwiftPackageReference "Swinject" */ = {
			isa = XCRemoteSwiftPackageReference;
			repositoryURL = "https://github.com/Swinject/Swinject";
			requirement = {
				kind = upToNextMajorVersion;
				minimumVersion = 2.9.1;
			};
		};
		2C7E7F832E19987300D8930B /* XCRemoteSwiftPackageReference "Moya" */ = {
			isa = XCRemoteSwiftPackageReference;
			repositoryURL = "https://github.com/Moya/Moya.git";
			requirement = {
				kind = upToNextMajorVersion;
				minimumVersion = 15.0.3;
			};
		};
/* End XCRemoteSwiftPackageReference section */

/* Begin XCSwiftPackageProductDependency section */
		2C7E7DDC2E197F7000D8930B /* InjectPropertyWrapper */ = {
			isa = XCSwiftPackageProductDependency;
			package = 2C7E7DDB2E197F7000D8930B /* XCRemoteSwiftPackageReference "InjectPropertyWrapper" */;
			productName = InjectPropertyWrapper;
		};
		2C7E7F772E1991E700D8930B /* Swinject */ = {
			isa = XCSwiftPackageProductDependency;
			package = 2C7E7F762E1991E700D8930B /* XCRemoteSwiftPackageReference "Swinject" */;
			productName = Swinject;
		};
		2C7E7F842E19987300D8930B /* Moya */ = {
			isa = XCSwiftPackageProductDependency;
			package = 2C7E7F832E19987300D8930B /* XCRemoteSwiftPackageReference "Moya" */;
			productName = Moya;
		};
/* End XCSwiftPackageProductDependency section */
	};
	rootObject = 2C7E7DA42E19797D00D8930B /* Project object */;
}
